
Microsoft Visual Studio Solution File, Format Version 12.00
# Visual Studio 2013
VisualStudioVersion = 12.0.30501.0
MinimumVisualStudioVersion = 10.0.40219.1
Project("{FAE04EC0-301F-11D3-BF4B-00C04F79EFBC}") = "Slack.Contour.Web", "Slack.Contour.Web\Slack.Contour.Web.csproj", "{8DEA7EA4-FFED-4839-A72B-CA654DAA6E2F}"
EndProject
Project("{FAE04EC0-301F-11D3-BF4B-00C04F79EFBC}") = "Slack.Contour", "Slack.Contour\Slack.Contour.csproj", "{38F5A690-3B88-4B4C-85AC-5589DF254081}"
EndProject
Global
	GlobalSection(SolutionConfigurationPlatforms) = preSolution
		Debug|Any CPU = Debug|Any CPU
		Release|Any CPU = Release|Any CPU
	EndGlobalSection
	GlobalSection(ProjectConfigurationPlatforms) = postSolution
		{8DEA7EA4-FFED-4839-A72B-CA654DAA6E2F}.Debug|Any CPU.ActiveCfg = Debug|Any CPU
		{8DEA7EA4-FFED-4839-A72B-CA654DAA6E2F}.Debug|Any CPU.Build.0 = Debug|Any CPU
		{8DEA7EA4-FFED-4839-A72B-CA654DAA6E2F}.Release|Any CPU.ActiveCfg = Release|Any CPU
		{8DEA7EA4-FFED-4839-A72B-CA654DAA6E2F}.Release|Any CPU.Build.0 = Release|Any CPU
		{38F5A690-3B88-4B4C-85AC-5589DF254081}.Debug|Any CPU.ActiveCfg = Debug|Any CPU
		{38F5A690-3B88-4B4C-85AC-5589DF254081}.Debug|Any CPU.Build.0 = Debug|Any CPU
		{38F5A690-3B88-4B4C-85AC-5589DF254081}.Release|Any CPU.ActiveCfg = Release|Any CPU
		{38F5A690-3B88-4B4C-85AC-5589DF254081}.Release|Any CPU.Build.0 = Release|Any CPU
	EndGlobalSection
	GlobalSection(SolutionProperties) = preSolution
		HideSolutionNode = FALSE
	EndGlobalSection
EndGlobal
